
Microsoft Visual Studio Solution File, Format Version 12.00
# Visual Studio Version 16
VisualStudioVersion = 16.0.31410.357
MinimumVisualStudioVersion = 10.0.40219.1
Project("{9A19103F-16F7-4668-BE54-9A1E7A4F7556}") = "wizeline", "wizeline\wizeline.csproj", "{E2E781A7-5BB7-421E-B5DA-2267CF4FA8C3}"
EndProject
Project("{9A19103F-16F7-4668-BE54-9A1E7A4F7556}") = "wizeline.tests", "wizeline.tests\wizeline.tests.csproj", "{55209117-6EF3-4BF0-A31D-455FDCE1E471}"
EndProject
Global
	GlobalSection(SolutionConfigurationPlatforms) = preSolution
		Debug|Any CPU = Debug|Any CPU
		Release|Any CPU = Release|Any CPU
	EndGlobalSection
	GlobalSection(ProjectConfigurationPlatforms) = postSolution
		{E2E781A7-5BB7-421E-B5DA-2267CF4FA8C3}.Debug|Any CPU.ActiveCfg = Debug|Any CPU
		{E2E781A7-5BB7-421E-B5DA-2267CF4FA8C3}.Debug|Any CPU.Build.0 = Debug|Any CPU
		{E2E781A7-5BB7-421E-B5DA-2267CF4FA8C3}.Release|Any CPU.ActiveCfg = Release|Any CPU
		{E2E781A7-5BB7-421E-B5DA-2267CF4FA8C3}.Release|Any CPU.Build.0 = Release|Any CPU
		{55209117-6EF3-4BF0-A31D-455FDCE1E471}.Debug|Any CPU.ActiveCfg = Debug|Any CPU
		{55209117-6EF3-4BF0-A31D-455FDCE1E471}.Debug|Any CPU.Build.0 = Debug|Any CPU
		{55209117-6EF3-4BF0-A31D-455FDCE1E471}.Release|Any CPU.ActiveCfg = Release|Any CPU
		{55209117-6EF3-4BF0-A31D-455FDCE1E471}.Release|Any CPU.Build.0 = Release|Any CPU
	EndGlobalSection
	GlobalSection(SolutionProperties) = preSolution
		HideSolutionNode = FALSE
	EndGlobalSection
	GlobalSection(ExtensibilityGlobals) = postSolution
		SolutionGuid = {3E205D7F-33AD-48DC-8631-C3F650376656}
	EndGlobalSection
EndGlobal
